
Microsoft Visual Studio Solution File, Format Version 12.00
# Visual Studio 15
VisualStudioVersion = 15.0.28010.2050
MinimumVisualStudioVersion = 10.0.40219.1
Project("{FAE04EC0-301F-11D3-BF4B-00C04F79EFBC}") = "RCExp", "RCExp\RCExp.csproj", "{E1A9D294-135D-4F97-A7AA-53D1831B2834}"
EndProject
Project("{FAE04EC0-301F-11D3-BF4B-00C04F79EFBC}") = "Unit.Test", "Unit.Test\Unit.Test.csproj", "{E1DE8A17-25EC-47EA-9980-B53283894459}"
EndProject
Global
	GlobalSection(SolutionConfigurationPlatforms) = preSolution
		Debug|Any CPU = Debug|Any CPU
		Release|Any CPU = Release|Any CPU
	EndGlobalSection
	GlobalSection(ProjectConfigurationPlatforms) = postSolution
		{E1A9D294-135D-4F97-A7AA-53D1831B2834}.Debug|Any CPU.ActiveCfg = Debug|Any CPU
		{E1A9D294-135D-4F97-A7AA-53D1831B2834}.Debug|Any CPU.Build.0 = Debug|Any CPU
		{E1A9D294-135D-4F97-A7AA-53D1831B2834}.Release|Any CPU.ActiveCfg = Release|Any CPU
		{E1A9D294-135D-4F97-A7AA-53D1831B2834}.Release|Any CPU.Build.0 = Release|Any CPU
		{E1DE8A17-25EC-47EA-9980-B53283894459}.Debug|Any CPU.ActiveCfg = Debug|Any CPU
		{E1DE8A17-25EC-47EA-9980-B53283894459}.Debug|Any CPU.Build.0 = Debug|Any CPU
		{E1DE8A17-25EC-47EA-9980-B53283894459}.Release|Any CPU.ActiveCfg = Release|Any CPU
		{E1DE8A17-25EC-47EA-9980-B53283894459}.Release|Any CPU.Build.0 = Release|Any CPU
	EndGlobalSection
	GlobalSection(SolutionProperties) = preSolution
		HideSolutionNode = FALSE
	EndGlobalSection
	GlobalSection(ExtensibilityGlobals) = postSolution
		SolutionGuid = {2B390EF9-CEC9-48A9-89F2-7ACE8AA6DF70}
	EndGlobalSection
EndGlobal
